
Microsoft Visual Studio Solution File, Format Version 12.00
# Visual Studio Version 16
VisualStudioVersion = 16.0.30114.105
MinimumVisualStudioVersion = 10.0.40219.1
Project("{FAE04EC0-301F-11D3-BF4B-00C04F79EFBC}") = "GetCAData", "GetCAData\GetCAData.csproj", "{4B1888B2-D899-4187-A6EA-FECA18A186D7}"
EndProject
Project("{FAE04EC0-301F-11D3-BF4B-00C04F79EFBC}") = "GetCAData.Tests", "GetCAData.Tests\GetCAData.Tests.csproj", "{579283D1-E011-4008-8053-4539CE878AD8}"
EndProject
Global
	GlobalSection(SolutionConfigurationPlatforms) = preSolution
		Debug|Any CPU = Debug|Any CPU
		Release|Any CPU = Release|Any CPU
	EndGlobalSection
	GlobalSection(SolutionProperties) = preSolution
		HideSolutionNode = FALSE
	EndGlobalSection
	GlobalSection(ProjectConfigurationPlatforms) = postSolution
		{4B1888B2-D899-4187-A6EA-FECA18A186D7}.Debug|Any CPU.ActiveCfg = Debug|Any CPU
		{4B1888B2-D899-4187-A6EA-FECA18A186D7}.Debug|Any CPU.Build.0 = Debug|Any CPU
		{4B1888B2-D899-4187-A6EA-FECA18A186D7}.Release|Any CPU.ActiveCfg = Release|Any CPU
		{4B1888B2-D899-4187-A6EA-FECA18A186D7}.Release|Any CPU.Build.0 = Release|Any CPU
		{579283D1-E011-4008-8053-4539CE878AD8}.Debug|Any CPU.ActiveCfg = Debug|Any CPU
		{579283D1-E011-4008-8053-4539CE878AD8}.Debug|Any CPU.Build.0 = Debug|Any CPU
		{579283D1-E011-4008-8053-4539CE878AD8}.Release|Any CPU.ActiveCfg = Release|Any CPU
		{579283D1-E011-4008-8053-4539CE878AD8}.Release|Any CPU.Build.0 = Release|Any CPU
	EndGlobalSection
EndGlobal
