
Microsoft Visual Studio Solution File, Format Version 12.00
# Visual Studio 15
VisualStudioVersion = 15.0.27130.2020
MinimumVisualStudioVersion = 10.0.40219.1
Project("{FAE04EC0-301F-11D3-BF4B-00C04F79EFBC}") = "OpenAvalancheProject.WebApp", "OpenAvalancheProjectWebApp\OpenAvalancheProject.WebApp.csproj", "{13B6F1CD-3E2F-4AE2-8F25-76C4983065DD}"
EndProject
Global
	GlobalSection(SolutionConfigurationPlatforms) = preSolution
		Debug|Any CPU = Debug|Any CPU
		Debug|x64 = Debug|x64
		Debug|x86 = Debug|x86
		Release|Any CPU = Release|Any CPU
		Release|x64 = Release|x64
		Release|x86 = Release|x86
	EndGlobalSection
	GlobalSection(ProjectConfigurationPlatforms) = postSolution
		{13B6F1CD-3E2F-4AE2-8F25-76C4983065DD}.Debug|Any CPU.ActiveCfg = Debug|x64
		{13B6F1CD-3E2F-4AE2-8F25-76C4983065DD}.Debug|x64.ActiveCfg = Debug|x64
		{13B6F1CD-3E2F-4AE2-8F25-76C4983065DD}.Debug|x64.Build.0 = Debug|x64
		{13B6F1CD-3E2F-4AE2-8F25-76C4983065DD}.Debug|x86.ActiveCfg = Debug|x64
		{13B6F1CD-3E2F-4AE2-8F25-76C4983065DD}.Release|Any CPU.ActiveCfg = Release|x64
		{13B6F1CD-3E2F-4AE2-8F25-76C4983065DD}.Release|x64.ActiveCfg = Release|x64
		{13B6F1CD-3E2F-4AE2-8F25-76C4983065DD}.Release|x64.Build.0 = Release|x64
		{13B6F1CD-3E2F-4AE2-8F25-76C4983065DD}.Release|x86.ActiveCfg = Release|x64
		{EFC8F344-6837-4D81-A282-62C2DEF7A59F}.Debug|Any CPU.ActiveCfg = Debug|Any CPU
		{EFC8F344-6837-4D81-A282-62C2DEF7A59F}.Debug|Any CPU.Build.0 = Debug|Any CPU
		{EFC8F344-6837-4D81-A282-62C2DEF7A59F}.Debug|x64.ActiveCfg = Debug|Any CPU
		{EFC8F344-6837-4D81-A282-62C2DEF7A59F}.Debug|x64.Build.0 = Debug|Any CPU
		{EFC8F344-6837-4D81-A282-62C2DEF7A59F}.Debug|x86.ActiveCfg = Debug|x86
		{EFC8F344-6837-4D81-A282-62C2DEF7A59F}.Debug|x86.Build.0 = Debug|x86
		{EFC8F344-6837-4D81-A282-62C2DEF7A59F}.Release|Any CPU.ActiveCfg = Release|Any CPU
		{EFC8F344-6837-4D81-A282-62C2DEF7A59F}.Release|Any CPU.Build.0 = Release|Any CPU
		{EFC8F344-6837-4D81-A282-62C2DEF7A59F}.Release|x64.ActiveCfg = Release|Any CPU
		{EFC8F344-6837-4D81-A282-62C2DEF7A59F}.Release|x64.Build.0 = Release|Any CPU
		{EFC8F344-6837-4D81-A282-62C2DEF7A59F}.Release|x86.ActiveCfg = Release|x86
		{EFC8F344-6837-4D81-A282-62C2DEF7A59F}.Release|x86.Build.0 = Release|x86
		{21DF24FF-4DA7-4996-BDD0-AE8CC1B4A38B}.Debug|Any CPU.ActiveCfg = Debug|Any CPU
		{21DF24FF-4DA7-4996-BDD0-AE8CC1B4A38B}.Debug|Any CPU.Build.0 = Debug|Any CPU
		{21DF24FF-4DA7-4996-BDD0-AE8CC1B4A38B}.Debug|x64.ActiveCfg = Debug|Any CPU
		{21DF24FF-4DA7-4996-BDD0-AE8CC1B4A38B}.Debug|x64.Build.0 = Debug|Any CPU
		{21DF24FF-4DA7-4996-BDD0-AE8CC1B4A38B}.Debug|x86.ActiveCfg = Debug|Any CPU
		{21DF24FF-4DA7-4996-BDD0-AE8CC1B4A38B}.Debug|x86.Build.0 = Debug|Any CPU
		{21DF24FF-4DA7-4996-BDD0-AE8CC1B4A38B}.Release|Any CPU.ActiveCfg = Release|Any CPU
		{21DF24FF-4DA7-4996-BDD0-AE8CC1B4A38B}.Release|Any CPU.Build.0 = Release|Any CPU
		{21DF24FF-4DA7-4996-BDD0-AE8CC1B4A38B}.Release|x64.ActiveCfg = Release|Any CPU
		{21DF24FF-4DA7-4996-BDD0-AE8CC1B4A38B}.Release|x64.Build.0 = Release|Any CPU
		{21DF24FF-4DA7-4996-BDD0-AE8CC1B4A38B}.Release|x86.ActiveCfg = Release|Any CPU
		{21DF24FF-4DA7-4996-BDD0-AE8CC1B4A38B}.Release|x86.Build.0 = Release|Any CPU
		{6CAFC0C6-A428-4D30-A9F9-700E829FEA51}.Debug|Any CPU.ActiveCfg = Debug|Any CPU
		{6CAFC0C6-A428-4D30-A9F9-700E829FEA51}.Debug|Any CPU.Build.0 = Debug|Any CPU
		{6CAFC0C6-A428-4D30-A9F9-700E829FEA51}.Debug|x64.ActiveCfg = Debug|Any CPU
		{6CAFC0C6-A428-4D30-A9F9-700E829FEA51}.Debug|x64.Build.0 = Debug|Any CPU
		{6CAFC0C6-A428-4D30-A9F9-700E829FEA51}.Debug|x86.ActiveCfg = Debug|Any CPU
		{6CAFC0C6-A428-4D30-A9F9-700E829FEA51}.Debug|x86.Build.0 = Debug|Any CPU
		{6CAFC0C6-A428-4D30-A9F9-700E829FEA51}.Release|Any CPU.ActiveCfg = Release|Any CPU
		{6CAFC0C6-A428-4D30-A9F9-700E829FEA51}.Release|Any CPU.Build.0 = Release|Any CPU
		{6CAFC0C6-A428-4D30-A9F9-700E829FEA51}.Release|x64.ActiveCfg = Release|Any CPU
		{6CAFC0C6-A428-4D30-A9F9-700E829FEA51}.Release|x64.Build.0 = Release|Any CPU
		{6CAFC0C6-A428-4D30-A9F9-700E829FEA51}.Release|x86.ActiveCfg = Release|Any CPU
		{6CAFC0C6-A428-4D30-A9F9-700E829FEA51}.Release|x86.Build.0 = Release|Any CPU
		{B42C888C-D95F-4264-BFDA-705D6E5BDD31}.Debug|Any CPU.ActiveCfg = Debug|Any CPU
		{B42C888C-D95F-4264-BFDA-705D6E5BDD31}.Debug|Any CPU.Build.0 = Debug|Any CPU
		{B42C888C-D95F-4264-BFDA-705D6E5BDD31}.Debug|x64.ActiveCfg = Debug|x64
		{B42C888C-D95F-4264-BFDA-705D6E5BDD31}.Debug|x64.Build.0 = Debug|x64
		{B42C888C-D95F-4264-BFDA-705D6E5BDD31}.Debug|x86.ActiveCfg = Debug|x86
		{B42C888C-D95F-4264-BFDA-705D6E5BDD31}.Debug|x86.Build.0 = Debug|x86
		{B42C888C-D95F-4264-BFDA-705D6E5BDD31}.Release|Any CPU.ActiveCfg = Release|Any CPU
		{B42C888C-D95F-4264-BFDA-705D6E5BDD31}.Release|Any CPU.Build.0 = Release|Any CPU
		{B42C888C-D95F-4264-BFDA-705D6E5BDD31}.Release|x64.ActiveCfg = Release|x64
		{B42C888C-D95F-4264-BFDA-705D6E5BDD31}.Release|x64.Build.0 = Release|x64
		{B42C888C-D95F-4264-BFDA-705D6E5BDD31}.Release|x86.ActiveCfg = Release|x86
		{B42C888C-D95F-4264-BFDA-705D6E5BDD31}.Release|x86.Build.0 = Release|x86
		{C27116DE-0F22-4C2F-97EA-497351FC2502}.Debug|Any CPU.ActiveCfg = Debug|x64
		{C27116DE-0F22-4C2F-97EA-497351FC2502}.Debug|Any CPU.Build.0 = Debug|x64
		{C27116DE-0F22-4C2F-97EA-497351FC2502}.Debug|x64.ActiveCfg = Debug|Any CPU
		{C27116DE-0F22-4C2F-97EA-497351FC2502}.Debug|x64.Build.0 = Debug|Any CPU
		{C27116DE-0F22-4C2F-97EA-497351FC2502}.Debug|x86.ActiveCfg = Debug|Any CPU
		{C27116DE-0F22-4C2F-97EA-497351FC2502}.Debug|x86.Build.0 = Debug|Any CPU
		{C27116DE-0F22-4C2F-97EA-497351FC2502}.Release|Any CPU.ActiveCfg = Release|x64
		{C27116DE-0F22-4C2F-97EA-497351FC2502}.Release|Any CPU.Build.0 = Release|x64
		{C27116DE-0F22-4C2F-97EA-497351FC2502}.Release|x64.ActiveCfg = Release|Any CPU
		{C27116DE-0F22-4C2F-97EA-497351FC2502}.Release|x64.Build.0 = Release|Any CPU
		{C27116DE-0F22-4C2F-97EA-497351FC2502}.Release|x86.ActiveCfg = Release|Any CPU
		{C27116DE-0F22-4C2F-97EA-497351FC2502}.Release|x86.Build.0 = Release|Any CPU
		{0EE11A80-0CD8-4F50-BEDE-1ED0CBF06BEE}.Debug|Any CPU.ActiveCfg = Debug|Any CPU
		{0EE11A80-0CD8-4F50-BEDE-1ED0CBF06BEE}.Debug|Any CPU.Build.0 = Debug|Any CPU
		{0EE11A80-0CD8-4F50-BEDE-1ED0CBF06BEE}.Debug|x64.ActiveCfg = Debug|Any CPU
		{0EE11A80-0CD8-4F50-BEDE-1ED0CBF06BEE}.Debug|x64.Build.0 = Debug|Any CPU
		{0EE11A80-0CD8-4F50-BEDE-1ED0CBF06BEE}.Debug|x86.ActiveCfg = Debug|Any CPU
		{0EE11A80-0CD8-4F50-BEDE-1ED0CBF06BEE}.Debug|x86.Build.0 = Debug|Any CPU
		{0EE11A80-0CD8-4F50-BEDE-1ED0CBF06BEE}.Release|Any CPU.ActiveCfg = Release|Any CPU
		{0EE11A80-0CD8-4F50-BEDE-1ED0CBF06BEE}.Release|Any CPU.Build.0 = Release|Any CPU
		{0EE11A80-0CD8-4F50-BEDE-1ED0CBF06BEE}.Release|x64.ActiveCfg = Release|Any CPU
		{0EE11A80-0CD8-4F50-BEDE-1ED0CBF06BEE}.Release|x64.Build.0 = Release|Any CPU
		{0EE11A80-0CD8-4F50-BEDE-1ED0CBF06BEE}.Release|x86.ActiveCfg = Release|Any CPU
		{0EE11A80-0CD8-4F50-BEDE-1ED0CBF06BEE}.Release|x86.Build.0 = Release|Any CPU
		{3A56ACB8-4F49-425E-A97E-EECF0BAFD8A0}.Debug|Any CPU.ActiveCfg = Debug|Any CPU
		{3A56ACB8-4F49-425E-A97E-EECF0BAFD8A0}.Debug|Any CPU.Build.0 = Debug|Any CPU
		{3A56ACB8-4F49-425E-A97E-EECF0BAFD8A0}.Debug|x64.ActiveCfg = Debug|Any CPU
		{3A56ACB8-4F49-425E-A97E-EECF0BAFD8A0}.Debug|x64.Build.0 = Debug|Any CPU
		{3A56ACB8-4F49-425E-A97E-EECF0BAFD8A0}.Debug|x86.ActiveCfg = Debug|Any CPU
		{3A56ACB8-4F49-425E-A97E-EECF0BAFD8A0}.Debug|x86.Build.0 = Debug|Any CPU
		{3A56ACB8-4F49-425E-A97E-EECF0BAFD8A0}.Release|Any CPU.ActiveCfg = Release|Any CPU
		{3A56ACB8-4F49-425E-A97E-EECF0BAFD8A0}.Release|Any CPU.Build.0 = Release|Any CPU
		{3A56ACB8-4F49-425E-A97E-EECF0BAFD8A0}.Release|x64.ActiveCfg = Release|Any CPU
		{3A56ACB8-4F49-425E-A97E-EECF0BAFD8A0}.Release|x64.Build.0 = Release|Any CPU
		{3A56ACB8-4F49-425E-A97E-EECF0BAFD8A0}.Release|x86.ActiveCfg = Release|Any CPU
		{3A56ACB8-4F49-425E-A97E-EECF0BAFD8A0}.Release|x86.Build.0 = Release|Any CPU
		{D025FCC2-F2D7-4010-ABBB-C3C02F956E11}.Debug|Any CPU.ActiveCfg = Debug|Any CPU
		{D025FCC2-F2D7-4010-ABBB-C3C02F956E11}.Debug|Any CPU.Build.0 = Debug|Any CPU
		{D025FCC2-F2D7-4010-ABBB-C3C02F956E11}.Debug|x64.ActiveCfg = Debug|Any CPU
		{D025FCC2-F2D7-4010-ABBB-C3C02F956E11}.Debug|x64.Build.0 = Debug|Any CPU
		{D025FCC2-F2D7-4010-ABBB-C3C02F956E11}.Debug|x86.ActiveCfg = Debug|Any CPU
		{D025FCC2-F2D7-4010-ABBB-C3C02F956E11}.Debug|x86.Build.0 = Debug|Any CPU
		{D025FCC2-F2D7-4010-ABBB-C3C02F956E11}.Release|Any CPU.ActiveCfg = Release|Any CPU
		{D025FCC2-F2D7-4010-ABBB-C3C02F956E11}.Release|Any CPU.Build.0 = Release|Any CPU
		{D025FCC2-F2D7-4010-ABBB-C3C02F956E11}.Release|x64.ActiveCfg = Release|Any CPU
		{D025FCC2-F2D7-4010-ABBB-C3C02F956E11}.Release|x64.Build.0 = Release|Any CPU
		{D025FCC2-F2D7-4010-ABBB-C3C02F956E11}.Release|x86.ActiveCfg = Release|Any CPU
		{D025FCC2-F2D7-4010-ABBB-C3C02F956E11}.Release|x86.Build.0 = Release|Any CPU
		{44DBB658-8FC7-4524-BECF-ACA527D475D2}.Debug|Any CPU.ActiveCfg = Debug|Any CPU
		{44DBB658-8FC7-4524-BECF-ACA527D475D2}.Debug|Any CPU.Build.0 = Debug|Any CPU
		{44DBB658-8FC7-4524-BECF-ACA527D475D2}.Debug|x64.ActiveCfg = Debug|Any CPU
		{44DBB658-8FC7-4524-BECF-ACA527D475D2}.Debug|x64.Build.0 = Debug|Any CPU
		{44DBB658-8FC7-4524-BECF-ACA527D475D2}.Debug|x86.ActiveCfg = Debug|Any CPU
		{44DBB658-8FC7-4524-BECF-ACA527D475D2}.Debug|x86.Build.0 = Debug|Any CPU
		{44DBB658-8FC7-4524-BECF-ACA527D475D2}.Release|Any CPU.ActiveCfg = Release|Any CPU
		{44DBB658-8FC7-4524-BECF-ACA527D475D2}.Release|Any CPU.Build.0 = Release|Any CPU
		{44DBB658-8FC7-4524-BECF-ACA527D475D2}.Release|x64.ActiveCfg = Release|Any CPU
		{44DBB658-8FC7-4524-BECF-ACA527D475D2}.Release|x64.Build.0 = Release|Any CPU
		{44DBB658-8FC7-4524-BECF-ACA527D475D2}.Release|x86.ActiveCfg = Release|Any CPU
		{44DBB658-8FC7-4524-BECF-ACA527D475D2}.Release|x86.Build.0 = Release|Any CPU
	EndGlobalSection
	GlobalSection(SolutionProperties) = preSolution
		HideSolutionNode = FALSE
	EndGlobalSection
	GlobalSection(ExtensibilityGlobals) = postSolution
		SolutionGuid = {12D33072-4CDC-403F-9FB4-FE73DEBA1419}
	EndGlobalSection
EndGlobal
